// !$*UTF8*$!
{
	archiveVersion = 1;
	classes = {
	};
	objectVersion = 46;
	objects = {

/* Begin PBXBuildFile section */
		683079F61E117999005635B1 /* AppDelegate.m in Sources */ = {isa = PBXBuildFile; fileRef = 683079F51E117999005635B1 /* AppDelegate.m */; };
		683079F91E117999005635B1 /* main.m in Sources */ = {isa = PBXBuildFile; fileRef = 683079F81E117999005635B1 /* main.m */; };
		683079FB1E117999005635B1 /* Assets.xcassets in Resources */ = {isa = PBXBuildFile; fileRef = 683079FA1E117999005635B1 /* Assets.xcassets */; };
		683079FE1E117999005635B1 /* MainMenu.xib in Resources */ = {isa = PBXBuildFile; fileRef = 683079FC1E117999005635B1 /* MainMenu.xib */; };
/* End PBXBuildFile section */

/* Begin PBXFileReference section */
		683079F11E117999005635B1 /* AnimatorProxySample1.app */ = {isa = PBXFileReference; explicitFileType = wrapper.application; includeInIndex = 0; path = AnimatorProxySample1.app; sourceTree = BUILT_PRODUCTS_DIR; };
		683079F41E117999005635B1 /* AppDelegate.h */ = {isa = PBXFileReference; lastKnownFileType = sourcecode.c.h; path = AppDelegate.h; sourceTree = "<group>"; };
		683079F51E117999005635B1 /* AppDelegate.m */ = {isa = PBXFileReference; lastKnownFileType = sourcecode.c.objc; path = AppDelegate.m; sourceTree = "<group>"; };
		683079F81E117999005635B1 /* main.m */ = {isa = PBXFileReference; lastKnownFileType = sourcecode.c.objc; path = main.m; sourceTree = "<group>"; };
		683079FA1E117999005635B1 /* Assets.xcassets */ = {isa = PBXFileReference; lastKnownFileType = folder.assetcatalog; path = Assets.xcassets; sourceTree = "<group>"; };
		683079FD1E117999005635B1 /* Base */ = {isa = PBXFileReference; lastKnownFileType = file.xib; name = Base; path = Base.lproj/MainMenu.xib; sourceTree = "<group>"; };
		683079FF1E117999005635B1 /* Info.plist */ = {isa = PBXFileReference; lastKnownFileType = text.plist.xml; path = Info.plist; sourceTree = "<group>"; };
/* End PBXFileReference section */

/* Begin PBXFrameworksBuildPhase section */
		683079EE1E117999005635B1 /* Frameworks */ = {
			isa = PBXFrameworksBuildPhase;
			buildActionMask = 2147483647;
			files = (
			);
			runOnlyForDeploymentPostprocessing = 0;
		};
/* End PBXFrameworksBuildPhase section */

/* Begin PBXGroup section */
		683079E81E117999005635B1 = {
			isa = PBXGroup;
			children = (
				683079F31E117999005635B1 /* AnimatorProxySample1 */,
				683079F21E117999005635B1 /* Products */,
			);
			sourceTree = "<group>";
		};
		683079F21E117999005635B1 /* Products */ = {
			isa = PBXGroup;
			children = (
				683079F11E117999005635B1 /* AnimatorProxySample1.app */,
			);
			name = Products;
			sourceTree = "<group>";
		};
		683079F31E117999005635B1 /* AnimatorProxySample1 */ = {
			isa = PBXGroup;
			children = (
				683079F41E117999005635B1 /* AppDelegate.h */,
				683079F51E117999005635B1 /* AppDelegate.m */,
				683079FA1E117999005635B1 /* Assets.xcassets */,
				683079FC1E117999005635B1 /* MainMenu.xib */,
				683079FF1E117999005635B1 /* Info.plist */,
				683079F71E117999005635B1 /* Supporting Files */,
			);
			path = AnimatorProxySample1;
			sourceTree = "<group>";
		};
		683079F71E117999005635B1 /* Supporting Files */ = {
			isa = PBXGroup;
			children = (
				683079F81E117999005635B1 /* main.m */,
			);
			name = "Supporting Files";
			sourceTree = "<group>";
		};
/* End PBXGroup section */

/* Begin PBXNativeTarget section */
		683079F01E117999005635B1 /* AnimatorProxySample1 */ = {
			isa = PBXNativeTarget;
			buildConfigurationList = 68307A021E11799A005635B1 /* Build configuration list for PBXNativeTarget "AnimatorProxySample1" */;
			buildPhases = (
				683079ED1E117999005635B1 /* Sources */,
				683079EE1E117999005635B1 /* Frameworks */,
				683079EF1E117999005635B1 /* Resources */,
			);
			buildRules = (
			);
			dependencies = (
			);
			name = AnimatorProxySample1;
			productName = AnimatorProxySample1;
			productReference = 683079F11E117999005635B1 /* AnimatorProxySample1.app */;
			productType = "com.apple.product-type.application";
		};
/* End PBXNativeTarget section */

/* Begin PBXProject section */
		683079E91E117999005635B1 /* Project object */ = {
			isa = PBXProject;
			attributes = {
				LastUpgradeCheck = 0730;
				ORGANIZATIONNAME = Knowstack;
				TargetAttributes = {
					683079F01E117999005635B1 = {
						CreatedOnToolsVersion = 7.3;
					};
				};
			};
			buildConfigurationList = 683079EC1E117999005635B1 /* Build configuration list for PBXProject "AnimatorProxySample1" */;
			compatibilityVersion = "Xcode 3.2";
			developmentRegion = English;
			hasScannedForEncodings = 0;
			knownRegions = (
				en,
				Base,
			);
			mainGroup = 683079E81E117999005635B1;
			productRefGroup = 683079F21E117999005635B1 /* Products */;
			projectDirPath = "";
			projectRoot = "";
			targets = (
				683079F01E117999005635B1 /* AnimatorProxySample1 */,
			);
		};
/* End PBXProject section */

/* Begin PBXResourcesBuildPhase section */
		683079EF1E117999005635B1 /* Resources */ = {
			isa = PBXResourcesBuildPhase;
			buildActionMask = 2147483647;
			files = (
				683079FB1E117999005635B1 /* Assets.xcassets in Resources */,
				683079FE1E117999005635B1 /* MainMenu.xib in Resources */,
			);
			runOnlyForDeploymentPostprocessing = 0;
		};
/* End PBXResourcesBuildPhase section */

/* Begin PBXSourcesBuildPhase section */
		683079ED1E117999005635B1 /* Sources */ = {
			isa = PBXSourcesBuildPhase;
			buildActionMask = 2147483647;
			files = (
				683079F91E117999005635B1 /* main.m in Sources */,
				683079F61E117999005635B1 /* AppDelegate.m in Sources */,
			);
			runOnlyForDeploymentPostprocessing = 0;
		};
/* End PBXSourcesBuildPhase section */

/* Begin PBXVariantGroup section */
		683079FC1E117999005635B1 /* MainMenu.xib */ = {
			isa = PBXVariantGroup;
			children = (
				683079FD1E117999005635B1 /* Base */,
			);
			name = MainMenu.xib;
			sourceTree = "<group>";
		};
/* End PBXVariantGroup section */

/* Begin XCBuildConfiguration section */
		68307A001E117999005635B1 /* Debug */ = {
			isa = XCBuildConfiguration;
			buildSettings = {
				ALWAYS_SEARCH_USER_PATHS = NO;
				CLANG_ANALYZER_NONNULL = YES;
				CLANG_CXX_LANGUAGE_STANDARD = "gnu++0x";
				CLANG_CXX_LIBRARY = "libc++";
				CLANG_ENABLE_MODULES = YES;
				CLANG_ENABLE_OBJC_ARC = YES;
				CLANG_WARN_BOOL_CONVERSION = YES;
				CLANG_WARN_CONSTANT_CONVERSION = YES;
				CLANG_WARN_DIRECT_OBJC_ISA_USAGE = YES_ERROR;
				CLANG_WARN_EMPTY_BODY = YES;
				CLANG_WARN_ENUM_CONVERSION = YES;
				CLANG_WARN_INT_CONVERSION = YES;
				CLANG_WARN_OBJC_ROOT_CLASS = YES_ERROR;
				CLANG_WARN_UNREACHABLE_CODE = YES;
				CLANG_WARN__DUPLICATE_METHOD_MATCH = YES;
				CODE_SIGN_IDENTITY = "-";
				COPY_PHASE_STRIP = NO;
				DEBUG_INFORMATION_FORMAT = dwarf;
				ENABLE_STRICT_OBJC_MSGSEND = YES;
				ENABLE_TESTABILITY = YES;
				GCC_C_LANGUAGE_STANDARD = gnu99;
				GCC_DYNAMIC_NO_PIC = NO;
				GCC_NO_COMMON_BLOCKS = YES;
				GCC_OPTIMIZATION_LEVEL = 0;
				GCC_PREPROCESSOR_DEFINITIONS = (
					"DEBUG=1",
					"$(inherited)",
				);
				GCC_WARN_64_TO_32_BIT_CONVERSION = YES;
				GCC_WARN_ABOUT_RETURN_TYPE = YES_ERROR;
				GCC_WARN_UNDECLARED_SELECTOR = YES;
				GCC_WARN_UNINITIALIZED_AUTOS = YES_AGGRESSIVE;
				GCC_WARN_UNUSED_FUNCTION = YES;
				GCC_WARN_UNUSED_VARIABLE = YES;
				MACOSX_DEPLOYMENT_TARGET = 10.12;
				MTL_ENABLE_DEBUG_INFO = YES;
				ONLY_ACTIVE_ARCH = YES;
				SDKROOT = macosx;
			};
			name = Debug;
		};
		68307A011E117999005635B1 /* Release */ = {
			isa = XCBuildConfiguration;
			buildSettings = {
				ALWAYS_SEARCH_USER_PATHS = NO;
				CLANG_ANALYZER_NONNULL = YES;
				CLANG_CXX_LANGUAGE_STANDARD = "gnu++0x";
				CLANG_CXX_LIBRARY = "libc++";
				CLANG_ENABLE_MODULES = YES;
				CLANG_ENABLE_OBJC_ARC = YES;
				CLANG_WARN_BOOL_CONVERSION = YES;
				CLANG_WARN_CONSTANT_CONVERSION = YES;
				CLANG_WARN_DIRECT_OBJC_ISA_USAGE = YES_ERROR;
				CLANG_WARN_EMPTY_BODY = YES;
				CLANG_WARN_ENUM_CONVERSION = YES;
				CLANG_WARN_INT_CONVERSION = YES;
				CLANG_WARN_OBJC_ROOT_CLASS = YES_ERROR;
				CLANG_WARN_UNREACHABLE_CODE = YES;
				CLANG_WARN__DUPLICATE_METHOD_MATCH = YES;
				CODE_SIGN_IDENTITY = "-";
				COPY_PHASE_STRIP = NO;
				DEBUG_INFORMATION_FORMAT = "dwarf-with-dsym";
				ENABLE_NS_ASSERTIONS = NO;
				ENABLE_STRICT_OBJC_MSGSEND = YES;
				GCC_C_LANGUAGE_STANDARD = gnu99;
				GCC_NO_COMMON_BLOCKS = YES;
				GCC_WARN_64_TO_32_BIT_CONVERSION = YES;
				GCC_WARN_ABOUT_RETURN_TYPE = YES_ERROR;
				GCC_WARN_UNDECLARED_SELECTOR = YES;
				GCC_WARN_UNINITIALIZED_AUTOS = YES_AGGRESSIVE;
				GCC_WARN_UNUSED_FUNCTION = YES;
				GCC_WARN_UNUSED_VARIABLE = YES;
				MACOSX_DEPLOYMENT_TARGET = 10.12;
				MTL_ENABLE_DEBUG_INFO = NO;
				SDKROOT = macosx;
			};
			name = Release;
		};
		68307A031E11799A005635B1 /* Debug */ = {
			isa = XCBuildConfiguration;
			buildSettings = {
				ASSETCATALOG_COMPILER_APPICON_NAME = AppIcon;
				COMBINE_HIDPI_IMAGES = YES;
				INFOPLIST_FILE = AnimatorProxySample1/Info.plist;
				LD_RUNPATH_SEARCH_PATHS = "$(inherited) @executable_path/../Frameworks";
				PRODUCT_BUNDLE_IDENTIFIER = KS.AnimatorProxySample1;
				PRODUCT_NAME = "$(TARGET_NAME)";
			};
			name = Debug;
		};
		68307A041E11799A005635B1 /* Release */ = {
			isa = XCBuildConfiguration;
			buildSettings = {
				ASSETCATALOG_COMPILER_APPICON_NAME = AppIcon;
				COMBINE_HIDPI_IMAGES = YES;
				INFOPLIST_FILE = AnimatorProxySample1/Info.plist;
				LD_RUNPATH_SEARCH_PATHS = "$(inherited) @executable_path/../Frameworks";
				PRODUCT_BUNDLE_IDENTIFIER = KS.AnimatorProxySample1;
				PRODUCT_NAME = "$(TARGET_NAME)";
			};
			name = Release;
		};
/* End XCBuildConfiguration section */

/* Begin XCConfigurationList section */
		683079EC1E117999005635B1 /* Build configuration list for PBXProject "AnimatorProxySample1" */ = {
			isa = XCConfigurationList;
			buildConfigurations = (
				68307A001E117999005635B1 /* Debug */,
				68307A011E117999005635B1 /* Release */,
			);
			defaultConfigurationIsVisible = 0;
			defaultConfigurationName = Release;
		};
		68307A021E11799A005635B1 /* Build configuration list for PBXNativeTarget "AnimatorProxySample1" */ = {
			isa = XCConfigurationList;
			buildConfigurations = (
				68307A031E11799A005635B1 /* Debug */,
				68307A041E11799A005635B1 /* Release */,
			);
			defaultConfigurationIsVisible = 0;
		};
/* End XCConfigurationList section */
	};
	rootObject = 683079E91E117999005635B1 /* Project object */;
}
